
Microsoft Visual Studio Solution File, Format Version 12.00
# Visual Studio 15
VisualStudioVersion = 15.0.28307.421
MinimumVisualStudioVersion = 10.0.40219.1
Project("{FAE04EC0-301F-11D3-BF4B-00C04F79EFBC}") = "m_card", "m_card\m_card.csproj", "{993F9B93-B3D5-4709-981B-B78B7B9D0581}"
EndProject
Global
	GlobalSection(SolutionConfigurationPlatforms) = preSolution
		Debug|Any CPU = Debug|Any CPU
		Release|Any CPU = Release|Any CPU
	EndGlobalSection
	GlobalSection(ProjectConfigurationPlatforms) = postSolution
		{993F9B93-B3D5-4709-981B-B78B7B9D0581}.Debug|Any CPU.ActiveCfg = Debug|Any CPU
		{993F9B93-B3D5-4709-981B-B78B7B9D0581}.Debug|Any CPU.Build.0 = Debug|Any CPU
		{993F9B93-B3D5-4709-981B-B78B7B9D0581}.Release|Any CPU.ActiveCfg = Release|Any CPU
		{993F9B93-B3D5-4709-981B-B78B7B9D0581}.Release|Any CPU.Build.0 = Release|Any CPU
	EndGlobalSection
	GlobalSection(SolutionProperties) = preSolution
		HideSolutionNode = FALSE
	EndGlobalSection
	GlobalSection(ExtensibilityGlobals) = postSolution
		SolutionGuid = {5B9125D4-77E9-4441-BC1C-00282D0F2FDD}
	EndGlobalSection
EndGlobal
